{
  "nodes": {
    "home-manager": {
      "inputs": {
        "nixpkgs": [
          "nixpkgs"
        ]
      },
      "locked": {
        "lastModified": 1781642113,
        "narHash": "sha256-mAR7KTS9rjreTcXCNqfCbN96mnhJO8lDQq1vl7GviBQ=",
        "owner": "nix-community",
        "repo": "home-manager",
        "rev": "df4e0465717a2d34f05b8ccd967275aaf3ceaa01",
        "type": "github"
      },
      "original": {
        "owner": "nix-community",
        "ref": "master",
        "repo": "home-manager",
        "type": "github"
      }
    },
    "lazyvim-starter": {
      "flake": false,
      "locked": {
        "lastModified": 1733936199,
        "narHash": "sha256-QrpnlDD4r1X4C8PqBhQ+S3ar5C+qDrU1Jm/lPqyMIFM=",
        "owner": "LazyVim",
        "repo": "starter",
        "rev": "803bc181d7c0d6d5eeba9274d9be49b287294d99",
        "type": "github"
      },
      "original": {
        "owner": "LazyVim",
        "repo": "starter",
        "type": "github"
      }
    },
    "nixpkgs": {
      "locked": {
        "lastModified": 1781577229,
        "narHash": "sha256-lrp67w8AulE9Ks53n27I45ADSzbOCn4H+CNW1Ck8B+8=",
        "owner": "NixOS",
        "repo": "nixpkgs",
        "rev": "567a49d1913ce81ac6e9582e3553dd90a955875f",
        "type": "github"
      },
      "original": {
        "owner": "NixOS",
        "ref": "nixos-unstable",
        "repo": "nixpkgs",
        "type": "github"
      }
    },
    "root": {
      "inputs": {
        "home-manager": "home-manager",
        "lazyvim-starter": "lazyvim-starter",
        "nixpkgs": "nixpkgs"
      }
    }
  },
  "root": "root",
  "version": 7
}
